// !$*UTF8*$!
{
	archiveVersion = 1;
	classes = {
	};
	objectVersion = 46;
	objects = {

/* Begin PBXBuildFile section */
		B935795A1F4599FA00238F0B /* main.m in Sources */ = {isa = PBXBuildFile; fileRef = B93579591F4599FA00238F0B /* main.m */; };
		B935795D1F4599FA00238F0B /* AppDelegate.m in Sources */ = {isa = PBXBuildFile; fileRef = B935795C1F4599FA00238F0B /* AppDelegate.m */; };
		B93579601F4599FA00238F0B /* ViewController.m in Sources */ = {isa = PBXBuildFile; fileRef = B935795F1F4599FA00238F0B /* ViewController.m */; };
		B93579631F4599FA00238F0B /* Main.storyboard in Resources */ = {isa = PBXBuildFile; fileRef = B93579611F4599FA00238F0B /* Main.storyboard */; };
		B93579651F4599FA00238F0B /* Assets.xcassets in Resources */ = {isa = PBXBuildFile; fileRef = B93579641F4599FA00238F0B /* Assets.xcassets */; };
		B93579681F4599FA00238F0B /* LaunchScreen.storyboard in Resources */ = {isa = PBXBuildFile; fileRef = B93579661F4599FA00238F0B /* LaunchScreen.storyboard */; };
		B93579731F4599FA00238F0B /* HggMJEtensionTests.m in Sources */ = {isa = PBXBuildFile; fileRef = B93579721F4599FA00238F0B /* HggMJEtensionTests.m */; };
		B935797E1F4599FA00238F0B /* HggMJEtensionUITests.m in Sources */ = {isa = PBXBuildFile; fileRef = B935797D1F4599FA00238F0B /* HggMJEtensionUITests.m */; };
		B93579A21F459A1A00238F0B /* Info.plist in Resources */ = {isa = PBXBuildFile; fileRef = B935798C1F459A1A00238F0B /* Info.plist */; };
		B93579A31F459A1A00238F0B /* MJExtensionConst.m in Sources */ = {isa = PBXBuildFile; fileRef = B935798F1F459A1A00238F0B /* MJExtensionConst.m */; };
		B93579A41F459A1A00238F0B /* MJFoundation.m in Sources */ = {isa = PBXBuildFile; fileRef = B93579911F459A1A00238F0B /* MJFoundation.m */; };
		B93579A51F459A1A00238F0B /* MJProperty.m in Sources */ = {isa = PBXBuildFile; fileRef = B93579931F459A1A00238F0B /* MJProperty.m */; };
		B93579A61F459A1A00238F0B /* MJPropertyKey.m in Sources */ = {isa = PBXBuildFile; fileRef = B93579951F459A1A00238F0B /* MJPropertyKey.m */; };
		B93579A71F459A1A00238F0B /* MJPropertyType.m in Sources */ = {isa = PBXBuildFile; fileRef = B93579971F459A1A00238F0B /* MJPropertyType.m */; };
		B93579A81F459A1A00238F0B /* NSObject+MJClass.m in Sources */ = {isa = PBXBuildFile; fileRef = B93579991F459A1A00238F0B /* NSObject+MJClass.m */; };
		B93579A91F459A1A00238F0B /* NSObject+MJCoding.m in Sources */ = {isa = PBXBuildFile; fileRef = B935799B1F459A1A00238F0B /* NSObject+MJCoding.m */; };
		B93579AA1F459A1A00238F0B /* NSObject+MJKeyValue.m in Sources */ = {isa = PBXBuildFile; fileRef = B935799D1F459A1A00238F0B /* NSObject+MJKeyValue.m */; };
		B93579AB1F459A1A00238F0B /* NSObject+MJProperty.m in Sources */ = {isa = PBXBuildFile; fileRef = B935799F1F459A1A00238F0B /* NSObject+MJProperty.m */; };
		B93579AC1F459A1A00238F0B /* NSString+MJExtension.m in Sources */ = {isa = PBXBuildFile; fileRef = B93579A11F459A1A00238F0B /* NSString+MJExtension.m */; };
		B93579B01F459A7000238F0B /* HggOne.m in Sources */ = {isa = PBXBuildFile; fileRef = B93579AF1F459A7000238F0B /* HggOne.m */; };
		B93579B31F46805B00238F0B /* HggTwo.m in Sources */ = {isa = PBXBuildFile; fileRef = B93579B21F46805B00238F0B /* HggTwo.m */; };
		B93579B61F4682A000238F0B /* HggThree.m in Sources */ = {isa = PBXBuildFile; fileRef = B93579B51F4682A000238F0B /* HggThree.m */; };
		B93579B91F4683A600238F0B /* Hggfour.m in Sources */ = {isa = PBXBuildFile; fileRef = B93579B81F4683A600238F0B /* Hggfour.m */; };
		B93579BC1F46843A00238F0B /* HggAD.m in Sources */ = {isa = PBXBuildFile; fileRef = B93579BB1F46843A00238F0B /* HggAD.m */; };
		B93579BF1F46884E00238F0B /* HggBag.m in Sources */ = {isa = PBXBuildFile; fileRef = B93579BE1F46884E00238F0B /* HggBag.m */; };
		B93579C21F46888A00238F0B /* HggStudent.m in Sources */ = {isa = PBXBuildFile; fileRef = B93579C11F46888A00238F0B /* HggStudent.m */; };
		B93579C51F468E6400238F0B /* HggDog.m in Sources */ = {isa = PBXBuildFile; fileRef = B93579C41F468E6400238F0B /* HggDog.m */; };
		B93579C81F468F7800238F0B /* HggBox.m in Sources */ = {isa = PBXBuildFile; fileRef = B93579C71F468F7800238F0B /* HggBox.m */; };
		B93579CB1F468FA000238F0B /* HggBook.m in Sources */ = {isa = PBXBuildFile; fileRef = B93579CA1F468FA000238F0B /* HggBook.m */; };
/* End PBXBuildFile section */

/* Begin PBXContainerItemProxy section */
		B935796F1F4599FA00238F0B /* PBXContainerItemProxy */ = {
			isa = PBXContainerItemProxy;
			containerPortal = B935794D1F4599FA00238F0B /* Project object */;
			proxyType = 1;
			remoteGlobalIDString = B93579541F4599FA00238F0B;
			remoteInfo = HggMJEtension;
		};
		B935797A1F4599FA00238F0B /* PBXContainerItemProxy */ = {
			isa = PBXContainerItemProxy;
			containerPortal = B935794D1F4599FA00238F0B /* Project object */;
			proxyType = 1;
			remoteGlobalIDString = B93579541F4599FA00238F0B;
			remoteInfo = HggMJEtension;
		};
/* End PBXContainerItemProxy section */

/* Begin PBXFileReference section */
		B93579551F4599FA00238F0B /* HggMJEtension.app */ = {isa = PBXFileReference; explicitFileType = wrapper.application; includeInIndex = 0; path = HggMJEtension.app; sourceTree = BUILT_PRODUCTS_DIR; };
		B93579591F4599FA00238F0B /* main.m */ = {isa = PBXFileReference; lastKnownFileType = sourcecode.c.objc; path = main.m; sourceTree = "<group>"; };
		B935795B1F4599FA00238F0B /* AppDelegate.h */ = {isa = PBXFileReference; lastKnownFileType = sourcecode.c.h; path = AppDelegate.h; sourceTree = "<group>"; };
		B935795C1F4599FA00238F0B /* AppDelegate.m */ = {isa = PBXFileReference; lastKnownFileType = sourcecode.c.objc; path = AppDelegate.m; sourceTree = "<group>"; };
		B935795E1F4599FA00238F0B /* ViewController.h */ = {isa = PBXFileReference; lastKnownFileType = sourcecode.c.h; path = ViewController.h; sourceTree = "<group>"; };
		B935795F1F4599FA00238F0B /* ViewController.m */ = {isa = PBXFileReference; lastKnownFileType = sourcecode.c.objc; path = ViewController.m; sourceTree = "<group>"; };
		B93579621F4599FA00238F0B /* Base */ = {isa = PBXFileReference; lastKnownFileType = file.storyboard; name = Base; path = Base.lproj/Main.storyboard; sourceTree = "<group>"; };
		B93579641F4599FA00238F0B /* Assets.xcassets */ = {isa = PBXFileReference; lastKnownFileType = folder.assetcatalog; path = Assets.xcassets; sourceTree = "<group>"; };
		B93579671F4599FA00238F0B /* Base */ = {isa = PBXFileReference; lastKnownFileType = file.storyboard; name = Base; path = Base.lproj/LaunchScreen.storyboard; sourceTree = "<group>"; };
		B93579691F4599FA00238F0B /* Info.plist */ = {isa = PBXFileReference; lastKnownFileType = text.plist.xml; path = Info.plist; sourceTree = "<group>"; };
		B935796E1F4599FA00238F0B /* HggMJEtensionTests.xctest */ = {isa = PBXFileReference; explicitFileType = wrapper.cfbundle; includeInIndex = 0; path = HggMJEtensionTests.xctest; sourceTree = BUILT_PRODUCTS_DIR; };
		B93579721F4599FA00238F0B /* HggMJEtensionTests.m */ = {isa = PBXFileReference; lastKnownFileType = sourcecode.c.objc; path = HggMJEtensionTests.m; sourceTree = "<group>"; };
		B93579741F4599FA00238F0B /* Info.plist */ = {isa = PBXFileReference; lastKnownFileType = text.plist.xml; path = Info.plist; sourceTree = "<group>"; };
		B93579791F4599FA00238F0B /* HggMJEtensionUITests.xctest */ = {isa = PBXFileReference; explicitFileType = wrapper.cfbundle; includeInIndex = 0; path = HggMJEtensionUITests.xctest; sourceTree = BUILT_PRODUCTS_DIR; };
		B935797D1F4599FA00238F0B /* HggMJEtensionUITests.m */ = {isa = PBXFileReference; lastKnownFileType = sourcecode.c.objc; path = HggMJEtensionUITests.m; sourceTree = "<group>"; };
		B935797F1F4599FA00238F0B /* Info.plist */ = {isa = PBXFileReference; lastKnownFileType = text.plist.xml; path = Info.plist; sourceTree = "<group>"; };
		B935798C1F459A1A00238F0B /* Info.plist */ = {isa = PBXFileReference; fileEncoding = 4; lastKnownFileType = text.plist.xml; path = Info.plist; sourceTree = "<group>"; };
		B935798D1F459A1A00238F0B /* MJExtension.h */ = {isa = PBXFileReference; fileEncoding = 4; lastKnownFileType = sourcecode.c.h; path = MJExtension.h; sourceTree = "<group>"; };
		B935798E1F459A1A00238F0B /* MJExtensionConst.h */ = {isa = PBXFileReference; fileEncoding = 4; lastKnownFileType = sourcecode.c.h; path = MJExtensionConst.h; sourceTree = "<group>"; };
		B935798F1F459A1A00238F0B /* MJExtensionConst.m */ = {isa = PBXFileReference; fileEncoding = 4; lastKnownFileType = sourcecode.c.objc; path = MJExtensionConst.m; sourceTree = "<group>"; };
		B93579901F459A1A00238F0B /* MJFoundation.h */ = {isa = PBXFileReference; fileEncoding = 4; lastKnownFileType = sourcecode.c.h; path = MJFoundation.h; sourceTree = "<group>"; };
		B93579911F459A1A00238F0B /* MJFoundation.m */ = {isa = PBXFileReference; fileEncoding = 4; lastKnownFileType = sourcecode.c.objc; path = MJFoundation.m; sourceTree = "<group>"; };
		B93579921F459A1A00238F0B /* MJProperty.h */ = {isa = PBXFileReference; fileEncoding = 4; lastKnownFileType = sourcecode.c.h; path = MJProperty.h; sourceTree = "<group>"; };
		B93579931F459A1A00238F0B /* MJProperty.m */ = {isa = PBXFileReference; fileEncoding = 4; lastKnownFileType = sourcecode.c.objc; path = MJProperty.m; sourceTree = "<group>"; };
		B93579941F459A1A00238F0B /* MJPropertyKey.h */ = {isa = PBXFileReference; fileEncoding = 4; lastKnownFileType = sourcecode.c.h; path = MJPropertyKey.h; sourceTree = "<group>"; };
		B93579951F459A1A00238F0B /* MJPropertyKey.m */ = {isa = PBXFileReference; fileEncoding = 4; lastKnownFileType = sourcecode.c.objc; path = MJPropertyKey.m; sourceTree = "<group>"; };
		B93579961F459A1A00238F0B /* MJPropertyType.h */ = {isa = PBXFileReference; fileEncoding = 4; lastKnownFileType = sourcecode.c.h; path = MJPropertyType.h; sourceTree = "<group>"; };
		B93579971F459A1A00238F0B /* MJPropertyType.m */ = {isa = PBXFileReference; fileEncoding = 4; lastKnownFileType = sourcecode.c.objc; path = MJPropertyType.m; sourceTree = "<group>"; };
		B93579981F459A1A00238F0B /* NSObject+MJClass.h */ = {isa = PBXFileReference; fileEncoding = 4; lastKnownFileType = sourcecode.c.h; path = "NSObject+MJClass.h"; sourceTree = "<group>"; };
		B93579991F459A1A00238F0B /* NSObject+MJClass.m */ = {isa = PBXFileReference; fileEncoding = 4; lastKnownFileType = sourcecode.c.objc; path = "NSObject+MJClass.m"; sourceTree = "<group>"; };
		B935799A1F459A1A00238F0B /* NSObject+MJCoding.h */ = {isa = PBXFileReference; fileEncoding = 4; lastKnownFileType = sourcecode.c.h; path = "NSObject+MJCoding.h"; sourceTree = "<group>"; };
		B935799B1F459A1A00238F0B /* NSObject+MJCoding.m */ = {isa = PBXFileReference; fileEncoding = 4; lastKnownFileType = sourcecode.c.objc; path = "NSObject+MJCoding.m"; sourceTree = "<group>"; };
		B935799C1F459A1A00238F0B /* NSObject+MJKeyValue.h */ = {isa = PBXFileReference; fileEncoding = 4; lastKnownFileType = sourcecode.c.h; path = "NSObject+MJKeyValue.h"; sourceTree = "<group>"; };
		B935799D1F459A1A00238F0B /* NSObject+MJKeyValue.m */ = {isa = PBXFileReference; fileEncoding = 4; lastKnownFileType = sourcecode.c.objc; path = "NSObject+MJKeyValue.m"; sourceTree = "<group>"; };
		B935799E1F459A1A00238F0B /* NSObject+MJProperty.h */ = {isa = PBXFileReference; fileEncoding = 4; lastKnownFileType = sourcecode.c.h; path = "NSObject+MJProperty.h"; sourceTree = "<group>"; };
		B935799F1F459A1A00238F0B /* NSObject+MJProperty.m */ = {isa = PBXFileReference; fileEncoding = 4; lastKnownFileType = sourcecode.c.objc; path = "NSObject+MJProperty.m"; sourceTree = "<group>"; };
		B93579A01F459A1A00238F0B /* NSString+MJExtension.h */ = {isa = PBXFileReference; fileEncoding = 4; lastKnownFileType = sourcecode.c.h; path = "NSString+MJExtension.h"; sourceTree = "<group>"; };
		B93579A11F459A1A00238F0B /* NSString+MJExtension.m */ = {isa = PBXFileReference; fileEncoding = 4; lastKnownFileType = sourcecode.c.objc; path = "NSString+MJExtension.m"; sourceTree = "<group>"; };
		B93579AE1F459A7000238F0B /* HggOne.h */ = {isa = PBXFileReference; fileEncoding = 4; lastKnownFileType = sourcecode.c.h; path = HggOne.h; sourceTree = "<group>"; };
		B93579AF1F459A7000238F0B /* HggOne.m */ = {isa = PBXFileReference; fileEncoding = 4; lastKnownFileType = sourcecode.c.objc; path = HggOne.m; sourceTree = "<group>"; };
		B93579B11F46805B00238F0B /* HggTwo.h */ = {isa = PBXFileReference; fileEncoding = 4; lastKnownFileType = sourcecode.c.h; path = HggTwo.h; sourceTree = "<group>"; };
		B93579B21F46805B00238F0B /* HggTwo.m */ = {isa = PBXFileReference; fileEncoding = 4; lastKnownFileType = sourcecode.c.objc; path = HggTwo.m; sourceTree = "<group>"; };
		B93579B41F4682A000238F0B /* HggThree.h */ = {isa = PBXFileReference; fileEncoding = 4; lastKnownFileType = sourcecode.c.h; path = HggThree.h; sourceTree = "<group>"; };
		B93579B51F4682A000238F0B /* HggThree.m */ = {isa = PBXFileReference; fileEncoding = 4; lastKnownFileType = sourcecode.c.objc; path = HggThree.m; sourceTree = "<group>"; };
		B93579B71F4683A600238F0B /* Hggfour.h */ = {isa = PBXFileReference; fileEncoding = 4; lastKnownFileType = sourcecode.c.h; path = Hggfour.h; sourceTree = "<group>"; };
		B93579B81F4683A600238F0B /* Hggfour.m */ = {isa = PBXFileReference; fileEncoding = 4; lastKnownFileType = sourcecode.c.objc; path = Hggfour.m; sourceTree = "<group>"; };
		B93579BA1F46843A00238F0B /* HggAD.h */ = {isa = PBXFileReference; fileEncoding = 4; lastKnownFileType = sourcecode.c.h; path = HggAD.h; sourceTree = "<group>"; };
		B93579BB1F46843A00238F0B /* HggAD.m */ = {isa = PBXFileReference; fileEncoding = 4; lastKnownFileType = sourcecode.c.objc; path = HggAD.m; sourceTree = "<group>"; };
		B93579BD1F46884E00238F0B /* HggBag.h */ = {isa = PBXFileReference; fileEncoding = 4; lastKnownFileType = sourcecode.c.h; path = HggBag.h; sourceTree = "<group>"; };
		B93579BE1F46884E00238F0B /* HggBag.m */ = {isa = PBXFileReference; fileEncoding = 4; lastKnownFileType = sourcecode.c.objc; path = HggBag.m; sourceTree = "<group>"; };
		B93579C01F46888A00238F0B /* HggStudent.h */ = {isa = PBXFileReference; fileEncoding = 4; lastKnownFileType = sourcecode.c.h; path = HggStudent.h; sourceTree = "<group>"; };
		B93579C11F46888A00238F0B /* HggStudent.m */ = {isa = PBXFileReference; fileEncoding = 4; lastKnownFileType = sourcecode.c.objc; path = HggStudent.m; sourceTree = "<group>"; };
		B93579C31F468E6400238F0B /* HggDog.h */ = {isa = PBXFileReference; fileEncoding = 4; lastKnownFileType = sourcecode.c.h; path = HggDog.h; sourceTree = "<group>"; };
		B93579C41F468E6400238F0B /* HggDog.m */ = {isa = PBXFileReference; fileEncoding = 4; lastKnownFileType = sourcecode.c.objc; path = HggDog.m; sourceTree = "<group>"; };
		B93579C61F468F7800238F0B /* HggBox.h */ = {isa = PBXFileReference; fileEncoding = 4; lastKnownFileType = sourcecode.c.h; path = HggBox.h; sourceTree = "<group>"; };
		B93579C71F468F7800238F0B /* HggBox.m */ = {isa = PBXFileReference; fileEncoding = 4; lastKnownFileType = sourcecode.c.objc; path = HggBox.m; sourceTree = "<group>"; };
		B93579C91F468FA000238F0B /* HggBook.h */ = {isa = PBXFileReference; fileEncoding = 4; lastKnownFileType = sourcecode.c.h; path = HggBook.h; sourceTree = "<group>"; };
		B93579CA1F468FA000238F0B /* HggBook.m */ = {isa = PBXFileReference; fileEncoding = 4; lastKnownFileType = sourcecode.c.objc; path = HggBook.m; sourceTree = "<group>"; };
/* End PBXFileReference section */

/* Begin PBXFrameworksBuildPhase section */
		B93579521F4599FA00238F0B /* Frameworks */ = {
			isa = PBXFrameworksBuildPhase;
			buildActionMask = 2147483647;
			files = (
			);
			runOnlyForDeploymentPostprocessing = 0;
		};
		B935796B1F4599FA00238F0B /* Frameworks */ = {
			isa = PBXFrameworksBuildPhase;
			buildActionMask = 2147483647;
			files = (
			);
			runOnlyForDeploymentPostprocessing = 0;
		};
		B93579761F4599FA00238F0B /* Frameworks */ = {
			isa = PBXFrameworksBuildPhase;
			buildActionMask = 2147483647;
			files = (
			);
			runOnlyForDeploymentPostprocessing = 0;
		};
/* End PBXFrameworksBuildPhase section */

/* Begin PBXGroup section */
		B935794C1F4599FA00238F0B = {
			isa = PBXGroup;
			children = (
				B93579571F4599FA00238F0B /* HggMJEtension */,
				B93579711F4599FA00238F0B /* HggMJEtensionTests */,
				B935797C1F4599FA00238F0B /* HggMJEtensionUITests */,
				B93579561F4599FA00238F0B /* Products */,
			);
			sourceTree = "<group>";
		};
		B93579561F4599FA00238F0B /* Products */ = {
			isa = PBXGroup;
			children = (
				B93579551F4599FA00238F0B /* HggMJEtension.app */,
				B935796E1F4599FA00238F0B /* HggMJEtensionTests.xctest */,
				B93579791F4599FA00238F0B /* HggMJEtensionUITests.xctest */,
			);
			name = Products;
			sourceTree = "<group>";
		};
		B93579571F4599FA00238F0B /* HggMJEtension */ = {
			isa = PBXGroup;
			children = (
				B93579AD1F459A4D00238F0B /* Model */,
				B935798B1F459A1A00238F0B /* MJExtension */,
				B935795B1F4599FA00238F0B /* AppDelegate.h */,
				B935795C1F4599FA00238F0B /* AppDelegate.m */,
				B935795E1F4599FA00238F0B /* ViewController.h */,
				B935795F1F4599FA00238F0B /* ViewController.m */,
				B93579611F4599FA00238F0B /* Main.storyboard */,
				B93579641F4599FA00238F0B /* Assets.xcassets */,
				B93579661F4599FA00238F0B /* LaunchScreen.storyboard */,
				B93579691F4599FA00238F0B /* Info.plist */,
				B93579581F4599FA00238F0B /* Supporting Files */,
			);
			path = HggMJEtension;
			sourceTree = "<group>";
		};
		B93579581F4599FA00238F0B /* Supporting Files */ = {
			isa = PBXGroup;
			children = (
				B93579591F4599FA00238F0B /* main.m */,
			);
			name = "Supporting Files";
			sourceTree = "<group>";
		};
		B93579711F4599FA00238F0B /* HggMJEtensionTests */ = {
			isa = PBXGroup;
			children = (
				B93579721F4599FA00238F0B /* HggMJEtensionTests.m */,
				B93579741F4599FA00238F0B /* Info.plist */,
			);
			path = HggMJEtensionTests;
			sourceTree = "<group>";
		};
		B935797C1F4599FA00238F0B /* HggMJEtensionUITests */ = {
			isa = PBXGroup;
			children = (
				B935797D1F4599FA00238F0B /* HggMJEtensionUITests.m */,
				B935797F1F4599FA00238F0B /* Info.plist */,
			);
			path = HggMJEtensionUITests;
			sourceTree = "<group>";
		};
		B935798B1F459A1A00238F0B /* MJExtension */ = {
			isa = PBXGroup;
			children = (
				B935798C1F459A1A00238F0B /* Info.plist */,
				B935798D1F459A1A00238F0B /* MJExtension.h */,
				B935798E1F459A1A00238F0B /* MJExtensionConst.h */,
				B935798F1F459A1A00238F0B /* MJExtensionConst.m */,
				B93579901F459A1A00238F0B /* MJFoundation.h */,
				B93579911F459A1A00238F0B /* MJFoundation.m */,
				B93579921F459A1A00238F0B /* MJProperty.h */,
				B93579931F459A1A00238F0B /* MJProperty.m */,
				B93579941F459A1A00238F0B /* MJPropertyKey.h */,
				B93579951F459A1A00238F0B /* MJPropertyKey.m */,
				B93579961F459A1A00238F0B /* MJPropertyType.h */,
				B93579971F459A1A00238F0B /* MJPropertyType.m */,
				B93579981F459A1A00238F0B /* NSObject+MJClass.h */,
				B93579991F459A1A00238F0B /* NSObject+MJClass.m */,
				B935799A1F459A1A00238F0B /* NSObject+MJCoding.h */,
				B935799B1F459A1A00238F0B /* NSObject+MJCoding.m */,
				B935799C1F459A1A00238F0B /* NSObject+MJKeyValue.h */,
				B935799D1F459A1A00238F0B /* NSObject+MJKeyValue.m */,
				B935799E1F459A1A00238F0B /* NSObject+MJProperty.h */,
				B935799F1F459A1A00238F0B /* NSObject+MJProperty.m */,
				B93579A01F459A1A00238F0B /* NSString+MJExtension.h */,
				B93579A11F459A1A00238F0B /* NSString+MJExtension.m */,
			);
			path = MJExtension;
			sourceTree = "<group>";
		};
		B93579AD1F459A4D00238F0B /* Model */ = {
			isa = PBXGroup;
			children = (
				B93579AE1F459A7000238F0B /* HggOne.h */,
				B93579AF1F459A7000238F0B /* HggOne.m */,
				B93579B11F46805B00238F0B /* HggTwo.h */,
				B93579B21F46805B00238F0B /* HggTwo.m */,
				B93579B41F4682A000238F0B /* HggThree.h */,
				B93579B51F4682A000238F0B /* HggThree.m */,
				B93579B71F4683A600238F0B /* Hggfour.h */,
				B93579B81F4683A600238F0B /* Hggfour.m */,
				B93579BA1F46843A00238F0B /* HggAD.h */,
				B93579BB1F46843A00238F0B /* HggAD.m */,
				B93579BD1F46884E00238F0B /* HggBag.h */,
				B93579BE1F46884E00238F0B /* HggBag.m */,
				B93579C01F46888A00238F0B /* HggStudent.h */,
				B93579C11F46888A00238F0B /* HggStudent.m */,
				B93579C31F468E6400238F0B /* HggDog.h */,
				B93579C41F468E6400238F0B /* HggDog.m */,
				B93579C61F468F7800238F0B /* HggBox.h */,
				B93579C71F468F7800238F0B /* HggBox.m */,
				B93579C91F468FA000238F0B /* HggBook.h */,
				B93579CA1F468FA000238F0B /* HggBook.m */,
			);
			name = Model;
			sourceTree = "<group>";
		};
/* End PBXGroup section */

/* Begin PBXNativeTarget section */
		B93579541F4599FA00238F0B /* HggMJEtension */ = {
			isa = PBXNativeTarget;
			buildConfigurationList = B93579821F4599FA00238F0B /* Build configuration list for PBXNativeTarget "HggMJEtension" */;
			buildPhases = (
				B93579511F4599FA00238F0B /* Sources */,
				B93579521F4599FA00238F0B /* Frameworks */,
				B93579531F4599FA00238F0B /* Resources */,
			);
			buildRules = (
			);
			dependencies = (
			);
			name = HggMJEtension;
			productName = HggMJEtension;
			productReference = B93579551F4599FA00238F0B /* HggMJEtension.app */;
			productType = "com.apple.product-type.application";
		};
		B935796D1F4599FA00238F0B /* HggMJEtensionTests */ = {
			isa = PBXNativeTarget;
			buildConfigurationList = B93579851F4599FA00238F0B /* Build configuration list for PBXNativeTarget "HggMJEtensionTests" */;
			buildPhases = (
				B935796A1F4599FA00238F0B /* Sources */,
				B935796B1F4599FA00238F0B /* Frameworks */,
				B935796C1F4599FA00238F0B /* Resources */,
			);
			buildRules = (
			);
			dependencies = (
				B93579701F4599FA00238F0B /* PBXTargetDependency */,
			);
			name = HggMJEtensionTests;
			productName = HggMJEtensionTests;
			productReference = B935796E1F4599FA00238F0B /* HggMJEtensionTests.xctest */;
			productType = "com.apple.product-type.bundle.unit-test";
		};
		B93579781F4599FA00238F0B /* HggMJEtensionUITests */ = {
			isa = PBXNativeTarget;
			buildConfigurationList = B93579881F4599FA00238F0B /* Build configuration list for PBXNativeTarget "HggMJEtensionUITests" */;
			buildPhases = (
				B93579751F4599FA00238F0B /* Sources */,
				B93579761F4599FA00238F0B /* Frameworks */,
				B93579771F4599FA00238F0B /* Resources */,
			);
			buildRules = (
			);
			dependencies = (
				B935797B1F4599FA00238F0B /* PBXTargetDependency */,
			);
			name = HggMJEtensionUITests;
			productName = HggMJEtensionUITests;
			productReference = B93579791F4599FA00238F0B /* HggMJEtensionUITests.xctest */;
			productType = "com.apple.product-type.bundle.ui-testing";
		};
/* End PBXNativeTarget section */

/* Begin PBXProject section */
		B935794D1F4599FA00238F0B /* Project object */ = {
			isa = PBXProject;
			attributes = {
				LastUpgradeCheck = 0820;
				ORGANIZATIONNAME = "胡高广";
				TargetAttributes = {
					B93579541F4599FA00238F0B = {
						CreatedOnToolsVersion = 8.2.1;
						ProvisioningStyle = Automatic;
					};
					B935796D1F4599FA00238F0B = {
						CreatedOnToolsVersion = 8.2.1;
						ProvisioningStyle = Automatic;
						TestTargetID = B93579541F4599FA00238F0B;
					};
					B93579781F4599FA00238F0B = {
						CreatedOnToolsVersion = 8.2.1;
						ProvisioningStyle = Automatic;
						TestTargetID = B93579541F4599FA00238F0B;
					};
				};
			};
			buildConfigurationList = B93579501F4599FA00238F0B /* Build configuration list for PBXProject "HggMJEtension" */;
			compatibilityVersion = "Xcode 3.2";
			developmentRegion = English;
			hasScannedForEncodings = 0;
			knownRegions = (
				en,
				Base,
			);
			mainGroup = B935794C1F4599FA00238F0B;
			productRefGroup = B93579561F4599FA00238F0B /* Products */;
			projectDirPath = "";
			projectRoot = "";
			targets = (
				B93579541F4599FA00238F0B /* HggMJEtension */,
				B935796D1F4599FA00238F0B /* HggMJEtensionTests */,
				B93579781F4599FA00238F0B /* HggMJEtensionUITests */,
			);
		};
/* End PBXProject section */

/* Begin PBXResourcesBuildPhase section */
		B93579531F4599FA00238F0B /* Resources */ = {
			isa = PBXResourcesBuildPhase;
			buildActionMask = 2147483647;
			files = (
				B93579A21F459A1A00238F0B /* Info.plist in Resources */,
				B93579681F4599FA00238F0B /* LaunchScreen.storyboard in Resources */,
				B93579651F4599FA00238F0B /* Assets.xcassets in Resources */,
				B93579631F4599FA00238F0B /* Main.storyboard in Resources */,
			);
			runOnlyForDeploymentPostprocessing = 0;
		};
		B935796C1F4599FA00238F0B /* Resources */ = {
			isa = PBXResourcesBuildPhase;
			buildActionMask = 2147483647;
			files = (
			);
			runOnlyForDeploymentPostprocessing = 0;
		};
		B93579771F4599FA00238F0B /* Resources */ = {
			isa = PBXResourcesBuildPhase;
			buildActionMask = 2147483647;
			files = (
			);
			runOnlyForDeploymentPostprocessing = 0;
		};
/* End PBXResourcesBuildPhase section */

/* Begin PBXSourcesBuildPhase section */
		B93579511F4599FA00238F0B /* Sources */ = {
			isa = PBXSourcesBuildPhase;
			buildActionMask = 2147483647;
			files = (
				B93579A81F459A1A00238F0B /* NSObject+MJClass.m in Sources */,
				B93579C51F468E6400238F0B /* HggDog.m in Sources */,
				B93579A31F459A1A00238F0B /* MJExtensionConst.m in Sources */,
				B93579A71F459A1A00238F0B /* MJPropertyType.m in Sources */,
				B93579B61F4682A000238F0B /* HggThree.m in Sources */,
				B93579B01F459A7000238F0B /* HggOne.m in Sources */,
				B93579BF1F46884E00238F0B /* HggBag.m in Sources */,
				B93579B91F4683A600238F0B /* Hggfour.m in Sources */,
				B93579C81F468F7800238F0B /* HggBox.m in Sources */,
				B93579A61F459A1A00238F0B /* MJPropertyKey.m in Sources */,
				B93579AA1F459A1A00238F0B /* NSObject+MJKeyValue.m in Sources */,
				B93579A91F459A1A00238F0B /* NSObject+MJCoding.m in Sources */,
				B93579BC1F46843A00238F0B /* HggAD.m in Sources */,
				B93579AC1F459A1A00238F0B /* NSString+MJExtension.m in Sources */,
				B93579C21F46888A00238F0B /* HggStudent.m in Sources */,
				B93579A51F459A1A00238F0B /* MJProperty.m in Sources */,
				B93579AB1F459A1A00238F0B /* NSObject+MJProperty.m in Sources */,
				B93579601F4599FA00238F0B /* ViewController.m in Sources */,
				B93579CB1F468FA000238F0B /* HggBook.m in Sources */,
				B935795D1F4599FA00238F0B /* AppDelegate.m in Sources */,
				B93579A41F459A1A00238F0B /* MJFoundation.m in Sources */,
				B93579B31F46805B00238F0B /* HggTwo.m in Sources */,
				B935795A1F4599FA00238F0B /* main.m in Sources */,
			);
			runOnlyForDeploymentPostprocessing = 0;
		};
		B935796A1F4599FA00238F0B /* Sources */ = {
			isa = PBXSourcesBuildPhase;
			buildActionMask = 2147483647;
			files = (
				B93579731F4599FA00238F0B /* HggMJEtensionTests.m in Sources */,
			);
			runOnlyForDeploymentPostprocessing = 0;
		};
		B93579751F4599FA00238F0B /* Sources */ = {
			isa = PBXSourcesBuildPhase;
			buildActionMask = 2147483647;
			files = (
				B935797E1F4599FA00238F0B /* HggMJEtensionUITests.m in Sources */,
			);
			runOnlyForDeploymentPostprocessing = 0;
		};
/* End PBXSourcesBuildPhase section */

/* Begin PBXTargetDependency section */
		B93579701F4599FA00238F0B /* PBXTargetDependency */ = {
			isa = PBXTargetDependency;
			target = B93579541F4599FA00238F0B /* HggMJEtension */;
			targetProxy = B935796F1F4599FA00238F0B /* PBXContainerItemProxy */;
		};
		B935797B1F4599FA00238F0B /* PBXTargetDependency */ = {
			isa = PBXTargetDependency;
			target = B93579541F4599FA00238F0B /* HggMJEtension */;
			targetProxy = B935797A1F4599FA00238F0B /* PBXContainerItemProxy */;
		};
/* End PBXTargetDependency section */

/* Begin PBXVariantGroup section */
		B93579611F4599FA00238F0B /* Main.storyboard */ = {
			isa = PBXVariantGroup;
			children = (
				B93579621F4599FA00238F0B /* Base */,
			);
			name = Main.storyboard;
			sourceTree = "<group>";
		};
		B93579661F4599FA00238F0B /* LaunchScreen.storyboard */ = {
			isa = PBXVariantGroup;
			children = (
				B93579671F4599FA00238F0B /* Base */,
			);
			name = LaunchScreen.storyboard;
			sourceTree = "<group>";
		};
/* End PBXVariantGroup section */

/* Begin XCBuildConfiguration section */
		B93579801F4599FA00238F0B /* Debug */ = {
			isa = XCBuildConfiguration;
			buildSettings = {
				ALWAYS_SEARCH_USER_PATHS = NO;
				CLANG_ANALYZER_NONNULL = YES;
				CLANG_CXX_LANGUAGE_STANDARD = "gnu++0x";
				CLANG_CXX_LIBRARY = "libc++";
				CLANG_ENABLE_MODULES = YES;
				CLANG_ENABLE_OBJC_ARC = YES;
				CLANG_WARN_BOOL_CONVERSION = YES;
				CLANG_WARN_CONSTANT_CONVERSION = YES;
				CLANG_WARN_DIRECT_OBJC_ISA_USAGE = YES_ERROR;
				CLANG_WARN_DOCUMENTATION_COMMENTS = YES;
				CLANG_WARN_EMPTY_BODY = YES;
				CLANG_WARN_ENUM_CONVERSION = YES;
				CLANG_WARN_INFINITE_RECURSION = YES;
				CLANG_WARN_INT_CONVERSION = YES;
				CLANG_WARN_OBJC_ROOT_CLASS = YES_ERROR;
				CLANG_WARN_SUSPICIOUS_MOVE = YES;
				CLANG_WARN_UNREACHABLE_CODE = YES;
				CLANG_WARN__DUPLICATE_METHOD_MATCH = YES;
				"CODE_SIGN_IDENTITY[sdk=iphoneos*]" = "iPhone Developer";
				COPY_PHASE_STRIP = NO;
				DEBUG_INFORMATION_FORMAT = dwarf;
				ENABLE_STRICT_OBJC_MSGSEND = YES;
				ENABLE_TESTABILITY = YES;
				GCC_C_LANGUAGE_STANDARD = gnu99;
				GCC_DYNAMIC_NO_PIC = NO;
				GCC_NO_COMMON_BLOCKS = YES;
				GCC_OPTIMIZATION_LEVEL = 0;
				GCC_PREPROCESSOR_DEFINITIONS = (
					"DEBUG=1",
					"$(inherited)",
				);
				GCC_WARN_64_TO_32_BIT_CONVERSION = YES;
				GCC_WARN_ABOUT_RETURN_TYPE = YES_ERROR;
				GCC_WARN_UNDECLARED_SELECTOR = YES;
				GCC_WARN_UNINITIALIZED_AUTOS = YES_AGGRESSIVE;
				GCC_WARN_UNUSED_FUNCTION = YES;
				GCC_WARN_UNUSED_VARIABLE = YES;
				IPHONEOS_DEPLOYMENT_TARGET = 10.2;
				MTL_ENABLE_DEBUG_INFO = YES;
				ONLY_ACTIVE_ARCH = YES;
				SDKROOT = iphoneos;
				TARGETED_DEVICE_FAMILY = "1,2";
			};
			name = Debug;
		};
		B93579811F4599FA00238F0B /* Release */ = {
			isa = XCBuildConfiguration;
			buildSettings = {
				ALWAYS_SEARCH_USER_PATHS = NO;
				CLANG_ANALYZER_NONNULL = YES;
				CLANG_CXX_LANGUAGE_STANDARD = "gnu++0x";
				CLANG_CXX_LIBRARY = "libc++";
				CLANG_ENABLE_MODULES = YES;
				CLANG_ENABLE_OBJC_ARC = YES;
				CLANG_WARN_BOOL_CONVERSION = YES;
				CLANG_WARN_CONSTANT_CONVERSION = YES;
				CLANG_WARN_DIRECT_OBJC_ISA_USAGE = YES_ERROR;
				CLANG_WARN_DOCUMENTATION_COMMENTS = YES;
				CLANG_WARN_EMPTY_BODY = YES;
				CLANG_WARN_ENUM_CONVERSION = YES;
				CLANG_WARN_INFINITE_RECURSION = YES;
				CLANG_WARN_INT_CONVERSION = YES;
				CLANG_WARN_OBJC_ROOT_CLASS = YES_ERROR;
				CLANG_WARN_SUSPICIOUS_MOVE = YES;
				CLANG_WARN_UNREACHABLE_CODE = YES;
				CLANG_WARN__DUPLICATE_METHOD_MATCH = YES;
				"CODE_SIGN_IDENTITY[sdk=iphoneos*]" = "iPhone Developer";
				COPY_PHASE_STRIP = NO;
				DEBUG_INFORMATION_FORMAT = "dwarf-with-dsym";
				ENABLE_NS_ASSERTIONS = NO;
				ENABLE_STRICT_OBJC_MSGSEND = YES;
				GCC_C_LANGUAGE_STANDARD = gnu99;
				GCC_NO_COMMON_BLOCKS = YES;
				GCC_WARN_64_TO_32_BIT_CONVERSION = YES;
				GCC_WARN_ABOUT_RETURN_TYPE = YES_ERROR;
				GCC_WARN_UNDECLARED_SELECTOR = YES;
				GCC_WARN_UNINITIALIZED_AUTOS = YES_AGGRESSIVE;
				GCC_WARN_UNUSED_FUNCTION = YES;
				GCC_WARN_UNUSED_VARIABLE = YES;
				IPHONEOS_DEPLOYMENT_TARGET = 10.2;
				MTL_ENABLE_DEBUG_INFO = NO;
				SDKROOT = iphoneos;
				TARGETED_DEVICE_FAMILY = "1,2";
				VALIDATE_PRODUCT = YES;
			};
			name = Release;
		};
		B93579831F4599FA00238F0B /* Debug */ = {
			isa = XCBuildConfiguration;
			buildSettings = {
				ASSETCATALOG_COMPILER_APPICON_NAME = AppIcon;
				INFOPLIST_FILE = HggMJEtension/Info.plist;
				LD_RUNPATH_SEARCH_PATHS = "$(inherited) @executable_path/Frameworks";
				PRODUCT_BUNDLE_IDENTIFIER = hgg.HggMJEtension;
				PRODUCT_NAME = "$(TARGET_NAME)";
			};
			name = Debug;
		};
		B93579841F4599FA00238F0B /* Release */ = {
			isa = XCBuildConfiguration;
			buildSettings = {
				ASSETCATALOG_COMPILER_APPICON_NAME = AppIcon;
				INFOPLIST_FILE = HggMJEtension/Info.plist;
				LD_RUNPATH_SEARCH_PATHS = "$(inherited) @executable_path/Frameworks";
				PRODUCT_BUNDLE_IDENTIFIER = hgg.HggMJEtension;
				PRODUCT_NAME = "$(TARGET_NAME)";
			};
			name = Release;
		};
		B93579861F4599FA00238F0B /* Debug */ = {
			isa = XCBuildConfiguration;
			buildSettings = {
				BUNDLE_LOADER = "$(TEST_HOST)";
				INFOPLIST_FILE = HggMJEtensionTests/Info.plist;
				LD_RUNPATH_SEARCH_PATHS = "$(inherited) @executable_path/Frameworks @loader_path/Frameworks";
				PRODUCT_BUNDLE_IDENTIFIER = hgg.HggMJEtensionTests;
				PRODUCT_NAME = "$(TARGET_NAME)";
				TEST_HOST = "$(BUILT_PRODUCTS_DIR)/HggMJEtension.app/HggMJEtension";
			};
			name = Debug;
		};
		B93579871F4599FA00238F0B /* Release */ = {
			isa = XCBuildConfiguration;
			buildSettings = {
				BUNDLE_LOADER = "$(TEST_HOST)";
				INFOPLIST_FILE = HggMJEtensionTests/Info.plist;
				LD_RUNPATH_SEARCH_PATHS = "$(inherited) @executable_path/Frameworks @loader_path/Frameworks";
				PRODUCT_BUNDLE_IDENTIFIER = hgg.HggMJEtensionTests;
				PRODUCT_NAME = "$(TARGET_NAME)";
				TEST_HOST = "$(BUILT_PRODUCTS_DIR)/HggMJEtension.app/HggMJEtension";
			};
			name = Release;
		};
		B93579891F4599FA00238F0B /* Debug */ = {
			isa = XCBuildConfiguration;
			buildSettings = {
				INFOPLIST_FILE = HggMJEtensionUITests/Info.plist;
				LD_RUNPATH_SEARCH_PATHS = "$(inherited) @executable_path/Frameworks @loader_path/Frameworks";
				PRODUCT_BUNDLE_IDENTIFIER = hgg.HggMJEtensionUITests;
				PRODUCT_NAME = "$(TARGET_NAME)";
				TEST_TARGET_NAME = HggMJEtension;
			};
			name = Debug;
		};
		B935798A1F4599FA00238F0B /* Release */ = {
			isa = XCBuildConfiguration;
			buildSettings = {
				INFOPLIST_FILE = HggMJEtensionUITests/Info.plist;
				LD_RUNPATH_SEARCH_PATHS = "$(inherited) @executable_path/Frameworks @loader_path/Frameworks";
				PRODUCT_BUNDLE_IDENTIFIER = hgg.HggMJEtensionUITests;
				PRODUCT_NAME = "$(TARGET_NAME)";
				TEST_TARGET_NAME = HggMJEtension;
			};
			name = Release;
		};
/* End XCBuildConfiguration section */

/* Begin XCConfigurationList section */
		B93579501F4599FA00238F0B /* Build configuration list for PBXProject "HggMJEtension" */ = {
			isa = XCConfigurationList;
			buildConfigurations = (
				B93579801F4599FA00238F0B /* Debug */,
				B93579811F4599FA00238F0B /* Release */,
			);
			defaultConfigurationIsVisible = 0;
			defaultConfigurationName = Release;
		};
		B93579821F4599FA00238F0B /* Build configuration list for PBXNativeTarget "HggMJEtension" */ = {
			isa = XCConfigurationList;
			buildConfigurations = (
				B93579831F4599FA00238F0B /* Debug */,
				B93579841F4599FA00238F0B /* Release */,
			);
			defaultConfigurationIsVisible = 0;
			defaultConfigurationName = Release;
		};
		B93579851F4599FA00238F0B /* Build configuration list for PBXNativeTarget "HggMJEtensionTests" */ = {
			isa = XCConfigurationList;
			buildConfigurations = (
				B93579861F4599FA00238F0B /* Debug */,
				B93579871F4599FA00238F0B /* Release */,
			);
			defaultConfigurationIsVisible = 0;
			defaultConfigurationName = Release;
		};
		B93579881F4599FA00238F0B /* Build configuration list for PBXNativeTarget "HggMJEtensionUITests" */ = {
			isa = XCConfigurationList;
			buildConfigurations = (
				B93579891F4599FA00238F0B /* Debug */,
				B935798A1F4599FA00238F0B /* Release */,
			);
			defaultConfigurationIsVisible = 0;
			defaultConfigurationName = Release;
		};
/* End XCConfigurationList section */
	};
	rootObject = B935794D1F4599FA00238F0B /* Project object */;
}
